Microsoft Visual Studio Solution File, Format Version 12.00
# Visual Studio Version 17
VisualStudioVersion = 17.5.2.0
MinimumVisualStudioVersion = 10.0.40219.1
Project("{2150E333-8FDC-42A3-9474-1A3956D46DE8}") = "backend", "backend", "{1AE8ACA6-933B-BF2A-3671-3E2EAC007D16}"
EndProject
Project("{FAE04EC0-301F-11D3-BF4B-00C04F79EFBC}") = "mission_11.api", "backend\mission_11.API\mission_11.api.csproj", "{A4ABF03A-11DD-3694-4971-7F47779A0706}"
EndProject
Global
	GlobalSection(SolutionConfigurationPlatforms) = preSolution
		Debug|Any CPU = Debug|Any CPU
		Release|Any CPU = Release|Any CPU
	EndGlobalSection
	GlobalSection(ProjectConfigurationPlatforms) = postSolution
		{A4ABF03A-11DD-3694-4971-7F47779A0706}.Debug|Any CPU.ActiveCfg = Debug|Any CPU
		{A4ABF03A-11DD-3694-4971-7F47779A0706}.Debug|Any CPU.Build.0 = Debug|Any CPU
		{A4ABF03A-11DD-3694-4971-7F47779A0706}.Release|Any CPU.ActiveCfg = Release|Any CPU
		{A4ABF03A-11DD-3694-4971-7F47779A0706}.Release|Any CPU.Build.0 = Release|Any CPU
	EndGlobalSection
	GlobalSection(SolutionProperties) = preSolution
		HideSolutionNode = FALSE
	EndGlobalSection
	GlobalSection(NestedProjects) = preSolution
		{A4ABF03A-11DD-3694-4971-7F47779A0706} = {1AE8ACA6-933B-BF2A-3671-3E2EAC007D16}
	EndGlobalSection
	GlobalSection(ExtensibilityGlobals) = postSolution
		SolutionGuid = {50DF3D36-EE15-4F58-BB20-6685CB1A47DE}
	EndGlobalSection
EndGlobal
